
Microsoft Visual Studio Solution File, Format Version 12.00
# Visual Studio Version 17
VisualStudioVersion = 17.4.33110.190
MinimumVisualStudioVersion = 10.0.40219.1
Project("{9092AA53-FB77-4645-B42D-1CCCA6BD08BD}") = "TwoRooms-Frontend", "TwoRooms-Frontend\TwoRooms-Frontend.njsproj", "{53ED7C6E-03E9-4864-A042-F73C92E3722B}"
EndProject
Global
	GlobalSection(SolutionConfigurationPlatforms) = preSolution
		Debug|Any CPU = Debug|Any CPU
		Release|Any CPU = Release|Any CPU
	EndGlobalSection
	GlobalSection(ProjectConfigurationPlatforms) = postSolution
		{53ED7C6E-03E9-4864-A042-F73C92E3722B}.Debug|Any CPU.ActiveCfg = Debug|Any CPU
		{53ED7C6E-03E9-4864-A042-F73C92E3722B}.Debug|Any CPU.Build.0 = Debug|Any CPU
		{53ED7C6E-03E9-4864-A042-F73C92E3722B}.Release|Any CPU.ActiveCfg = Release|Any CPU
		{53ED7C6E-03E9-4864-A042-F73C92E3722B}.Release|Any CPU.Build.0 = Release|Any CPU
	EndGlobalSection
	GlobalSection(SolutionProperties) = preSolution
		HideSolutionNode = FALSE
	EndGlobalSection
	GlobalSection(ExtensibilityGlobals) = postSolution
		SolutionGuid = {5777092C-7A8D-4F07-9C33-5D635722BEA4}
	EndGlobalSection
EndGlobal
