
Microsoft Visual Studio Solution File, Format Version 12.00
# Visual Studio Version 17
VisualStudioVersion = 17.4.33103.184
MinimumVisualStudioVersion = 10.0.40219.1
Project("{9092AA53-FB77-4645-B42D-1CCCA6BD08BD}") = "TwoRoomsClient", "TwoRoomsClient\TwoRoomsClient.njsproj", "{DD8BCF06-3758-4E94-B254-7F4B3C5745F1}"
EndProject
Global
	GlobalSection(SolutionConfigurationPlatforms) = preSolution
		Debug|Any CPU = Debug|Any CPU
		Release|Any CPU = Release|Any CPU
	EndGlobalSection
	GlobalSection(ProjectConfigurationPlatforms) = postSolution
		{DD8BCF06-3758-4E94-B254-7F4B3C5745F1}.Debug|Any CPU.ActiveCfg = Debug|Any CPU
		{DD8BCF06-3758-4E94-B254-7F4B3C5745F1}.Debug|Any CPU.Build.0 = Debug|Any CPU
		{DD8BCF06-3758-4E94-B254-7F4B3C5745F1}.Release|Any CPU.ActiveCfg = Release|Any CPU
		{DD8BCF06-3758-4E94-B254-7F4B3C5745F1}.Release|Any CPU.Build.0 = Release|Any CPU
	EndGlobalSection
	GlobalSection(SolutionProperties) = preSolution
		HideSolutionNode = FALSE
	EndGlobalSection
	GlobalSection(ExtensibilityGlobals) = postSolution
		SolutionGuid = {2433B37B-4E2F-4D69-9AE1-E961B168103C}
	EndGlobalSection
EndGlobal
